
Microsoft Visual Studio Solution File, Format Version 12.00
# Visual Studio Version 17
VisualStudioVersion = 17.1.32210.238
MinimumVisualStudioVersion = 10.0.40219.1
Project("{FAE04EC0-301F-11D3-BF4B-00C04F79EFBC}") = "Tubes2Stima-DeathFromStima-FolderCrawler", "Tubes2Stima-DeathFromStima-FolderCrawler.csproj", "{79B4EE8E-C309-44FA-9459-BB548E4B3D01}"
EndProject
Global
	GlobalSection(SolutionConfigurationPlatforms) = preSolution
		Debug|Any CPU = Debug|Any CPU
		Release|Any CPU = Release|Any CPU
	EndGlobalSection
	GlobalSection(ProjectConfigurationPlatforms) = postSolution
		{79B4EE8E-C309-44FA-9459-BB548E4B3D01}.Debug|Any CPU.ActiveCfg = Debug|Any CPU
		{79B4EE8E-C309-44FA-9459-BB548E4B3D01}.Debug|Any CPU.Build.0 = Debug|Any CPU
		{79B4EE8E-C309-44FA-9459-BB548E4B3D01}.Release|Any CPU.ActiveCfg = Release|Any CPU
		{79B4EE8E-C309-44FA-9459-BB548E4B3D01}.Release|Any CPU.Build.0 = Release|Any CPU
	EndGlobalSection
	GlobalSection(SolutionProperties) = preSolution
		HideSolutionNode = FALSE
	EndGlobalSection
	GlobalSection(ExtensibilityGlobals) = postSolution
		SolutionGuid = {573B6CEE-3711-4243-A6C0-5D7F4D23E36C}
	EndGlobalSection
EndGlobal
